
Microsoft Visual Studio Solution File, Format Version 12.00
# Visual Studio Version 17
VisualStudioVersion = 17.5.2.0
MinimumVisualStudioVersion = 10.0.40219.1
Project("{FAE04EC0-301F-11D3-BF4B-00C04F79EFBC}") = "PicoGK", "PicoGK.csproj", "{40C86102-8060-31D0-890D-AED07F255739}"
EndProject
Project("{FAE04EC0-301F-11D3-BF4B-00C04F79EFBC}") = "PicoGK.Mcp", "PicoGK.Mcp\PicoGK.Mcp.csproj", "{6F8EDB8A-944E-4C5D-BCB6-C554EB655757}"
EndProject
Global
	GlobalSection(SolutionConfigurationPlatforms) = preSolution
		Debug|Any CPU = Debug|Any CPU
		Debug|x64 = Debug|x64
		Debug|x86 = Debug|x86
		Release|Any CPU = Release|Any CPU
		Release|x64 = Release|x64
		Release|x86 = Release|x86
	EndGlobalSection
	GlobalSection(ProjectConfigurationPlatforms) = postSolution
		{40C86102-8060-31D0-890D-AED07F255739}.Debug|Any CPU.ActiveCfg = Debug|Any CPU
		{40C86102-8060-31D0-890D-AED07F255739}.Debug|Any CPU.Build.0 = Debug|Any CPU
		{40C86102-8060-31D0-890D-AED07F255739}.Debug|x64.ActiveCfg = Debug|Any CPU
		{40C86102-8060-31D0-890D-AED07F255739}.Debug|x64.Build.0 = Debug|Any CPU
		{40C86102-8060-31D0-890D-AED07F255739}.Debug|x86.ActiveCfg = Debug|Any CPU
		{40C86102-8060-31D0-890D-AED07F255739}.Debug|x86.Build.0 = Debug|Any CPU
		{40C86102-8060-31D0-890D-AED07F255739}.Release|Any CPU.ActiveCfg = Release|Any CPU
		{40C86102-8060-31D0-890D-AED07F255739}.Release|Any CPU.Build.0 = Release|Any CPU
		{40C86102-8060-31D0-890D-AED07F255739}.Release|x64.ActiveCfg = Release|Any CPU
		{40C86102-8060-31D0-890D-AED07F255739}.Release|x64.Build.0 = Release|Any CPU
		{40C86102-8060-31D0-890D-AED07F255739}.Release|x86.ActiveCfg = Release|Any CPU
		{40C86102-8060-31D0-890D-AED07F255739}.Release|x86.Build.0 = Release|Any CPU
		{6F8EDB8A-944E-4C5D-BCB6-C554EB655757}.Debug|Any CPU.ActiveCfg = Debug|Any CPU
		{6F8EDB8A-944E-4C5D-BCB6-C554EB655757}.Debug|Any CPU.Build.0 = Debug|Any CPU
		{6F8EDB8A-944E-4C5D-BCB6-C554EB655757}.Debug|x64.ActiveCfg = Debug|Any CPU
		{6F8EDB8A-944E-4C5D-BCB6-C554EB655757}.Debug|x64.Build.0 = Debug|Any CPU
		{6F8EDB8A-944E-4C5D-BCB6-C554EB655757}.Debug|x86.ActiveCfg = Debug|Any CPU
		{6F8EDB8A-944E-4C5D-BCB6-C554EB655757}.Debug|x86.Build.0 = Debug|Any CPU
		{6F8EDB8A-944E-4C5D-BCB6-C554EB655757}.Release|Any CPU.ActiveCfg = Release|Any CPU
		{6F8EDB8A-944E-4C5D-BCB6-C554EB655757}.Release|Any CPU.Build.0 = Release|Any CPU
		{6F8EDB8A-944E-4C5D-BCB6-C554EB655757}.Release|x64.ActiveCfg = Release|Any CPU
		{6F8EDB8A-944E-4C5D-BCB6-C554EB655757}.Release|x64.Build.0 = Release|Any CPU
		{6F8EDB8A-944E-4C5D-BCB6-C554EB655757}.Release|x86.ActiveCfg = Release|Any CPU
		{6F8EDB8A-944E-4C5D-BCB6-C554EB655757}.Release|x86.Build.0 = Release|Any CPU
	EndGlobalSection
	GlobalSection(SolutionProperties) = preSolution
		HideSolutionNode = FALSE
	EndGlobalSection
	GlobalSection(ExtensibilityGlobals) = postSolution
		SolutionGuid = {1CB60CBE-A8FC-4E63-BB85-ED57ED8B0871}
	EndGlobalSection
EndGlobal
